
Microsoft Visual Studio Solution File, Format Version 12.00
# Visual Studio Version 16
VisualStudioVersion = 16.0.29418.71
MinimumVisualStudioVersion = 10.0.40219.1
Project("{FAE04EC0-301F-11D3-BF4B-00C04F79EFBC}") = "WinFormSetParentTest", "WinFormSetParentTest\WinFormSetParentTest.csproj", "{E67B9AA0-B7BB-4019-BCED-93E4DD698755}"
EndProject
Global
	GlobalSection(SolutionConfigurationPlatforms) = preSolution
		Debug|Any CPU = Debug|Any CPU
		Release|Any CPU = Release|Any CPU
	EndGlobalSection
	GlobalSection(ProjectConfigurationPlatforms) = postSolution
		{E67B9AA0-B7BB-4019-BCED-93E4DD698755}.Debug|Any CPU.ActiveCfg = Debug|Any CPU
		{E67B9AA0-B7BB-4019-BCED-93E4DD698755}.Debug|Any CPU.Build.0 = Debug|Any CPU
		{E67B9AA0-B7BB-4019-BCED-93E4DD698755}.Release|Any CPU.ActiveCfg = Release|Any CPU
		{E67B9AA0-B7BB-4019-BCED-93E4DD698755}.Release|Any CPU.Build.0 = Release|Any CPU
	EndGlobalSection
	GlobalSection(SolutionProperties) = preSolution
		HideSolutionNode = FALSE
	EndGlobalSection
	GlobalSection(ExtensibilityGlobals) = postSolution
		SolutionGuid = {800427AC-50C8-4122-B8BC-4EFB0C68595C}
	EndGlobalSection
EndGlobal
